// !$*UTF8*$!
{
	archiveVersion = 1;
	classes = {
	};
	objectVersion = 56;
	objects = {

/* Begin PBXBuildFile section */
		6C23CCB329CA301200696F34 /* main.swift in Sources */ = {isa = PBXBuildFile; fileRef = 6C23CCB229CA301200696F34 /* main.swift */; };
		6C23CCC029CCC39100696F34 /* vitoria.mp3 in Headers */ = {isa = PBXBuildFile; fileRef = 6C23CCBB29CCC25300696F34 /* vitoria.mp3 */; settings = {ATTRIBUTES = (Public, ); }; };
		6C23CCC129CCC39300696F34 /* revela.mp3 in Headers */ = {isa = PBXBuildFile; fileRef = 6C23CCBA29CCC25300696F34 /* revela.mp3 */; settings = {ATTRIBUTES = (Public, ); }; };
		6C23CCC429CCC39C00696F34 /* Bomb.mp3 in Headers */ = {isa = PBXBuildFile; fileRef = 6C23CCBD29CCC25300696F34 /* Bomb.mp3 */; settings = {ATTRIBUTES = (Public, ); }; };
		6C23CCC529CCC39E00696F34 /* Background.mp3 in Headers */ = {isa = PBXBuildFile; fileRef = 6C23CCBC29CCC25300696F34 /* Background.mp3 */; settings = {ATTRIBUTES = (Public, ); }; };
		6C23CCCC29CCD86D00696F34 /* Flag.mp3 in Headers */ = {isa = PBXBuildFile; fileRef = 6C23CCCA29CCD85900696F34 /* Flag.mp3 */; settings = {ATTRIBUTES = (Public, ); }; };
		6C23CCCD29CCD86F00696F34 /* GameOver.mp3 in Headers */ = {isa = PBXBuildFile; fileRef = 6C23CCCB29CCD86500696F34 /* GameOver.mp3 */; settings = {ATTRIBUTES = (Public, ); }; };
		6C23CCCF29CCE88700696F34 /* Reveal.mp3 in Headers */ = {isa = PBXBuildFile; fileRef = 6C23CCCE29CCE87E00696F34 /* Reveal.mp3 */; settings = {ATTRIBUTES = (Public, ); }; };
/* End PBXBuildFile section */

/* Begin PBXCopyFilesBuildPhase section */
		6C23CCAD29CA301200696F34 /* CopyFiles */ = {
			isa = PBXCopyFilesBuildPhase;
			buildActionMask = 2147483647;
			dstPath = /usr/share/man/man1/;
			dstSubfolderSpec = 0;
			files = (
			);
			runOnlyForDeploymentPostprocessing = 1;
		};
/* End PBXCopyFilesBuildPhase section */

/* Begin PBXFileReference section */
		6C23CCAF29CA301200696F34 /* MineSweeper */ = {isa = PBXFileReference; explicitFileType = "compiled.mach-o.executable"; includeInIndex = 0; path = MineSweeper; sourceTree = BUILT_PRODUCTS_DIR; };
		6C23CCB229CA301200696F34 /* main.swift */ = {isa = PBXFileReference; lastKnownFileType = sourcecode.swift; path = main.swift; sourceTree = "<group>"; };
		6C23CCBA29CCC25300696F34 /* revela.mp3 */ = {isa = PBXFileReference; lastKnownFileType = audio.mp3; name = revela.mp3; path = ../../../../Downloads/revela.mp3; sourceTree = "<group>"; };
		6C23CCBB29CCC25300696F34 /* vitoria.mp3 */ = {isa = PBXFileReference; lastKnownFileType = audio.mp3; name = vitoria.mp3; path = ../../../../Downloads/vitoria.mp3; sourceTree = "<group>"; };
		6C23CCBC29CCC25300696F34 /* Background.mp3 */ = {isa = PBXFileReference; lastKnownFileType = audio.mp3; name = Background.mp3; path = ../../../../Downloads/Background.mp3; sourceTree = "<group>"; };
		6C23CCBD29CCC25300696F34 /* Bomb.mp3 */ = {isa = PBXFileReference; lastKnownFileType = audio.mp3; name = Bomb.mp3; path = ../../../../Downloads/Bomb.mp3; sourceTree = "<group>"; };
		6C23CCCA29CCD85900696F34 /* Flag.mp3 */ = {isa = PBXFileReference; lastKnownFileType = audio.mp3; name = Flag.mp3; path = ../../../mp3/Flag.mp3; sourceTree = "<group>"; };
		6C23CCCB29CCD86500696F34 /* GameOver.mp3 */ = {isa = PBXFileReference; lastKnownFileType = audio.mp3; name = GameOver.mp3; path = ../../../mp3/GameOver.mp3; sourceTree = "<group>"; };
		6C23CCCE29CCE87E00696F34 /* Reveal.mp3 */ = {isa = PBXFileReference; lastKnownFileType = audio.mp3; name = Reveal.mp3; path = ../../../mp3/Reveal.mp3; sourceTree = "<group>"; };
/* End PBXFileReference section */

/* Begin PBXFrameworksBuildPhase section */
		6C23CCAC29CA301200696F34 /* Frameworks */ = {
			isa = PBXFrameworksBuildPhase;
			buildActionMask = 2147483647;
			files = (
			);
			runOnlyForDeploymentPostprocessing = 0;
		};
/* End PBXFrameworksBuildPhase section */

/* Begin PBXGroup section */
		6C23CCA629CA301200696F34 = {
			isa = PBXGroup;
			children = (
				6C23CCB129CA301200696F34 /* MineSweeper */,
				6C23CCB029CA301200696F34 /* Products */,
			);
			sourceTree = "<group>";
		};
		6C23CCB029CA301200696F34 /* Products */ = {
			isa = PBXGroup;
			children = (
				6C23CCAF29CA301200696F34 /* MineSweeper */,
			);
			name = Products;
			sourceTree = "<group>";
		};
		6C23CCB129CA301200696F34 /* MineSweeper */ = {
			isa = PBXGroup;
			children = (
				6C23CCB229CA301200696F34 /* main.swift */,
				6C23CCBC29CCC25300696F34 /* Background.mp3 */,
				6C23CCBD29CCC25300696F34 /* Bomb.mp3 */,
				6C23CCBA29CCC25300696F34 /* revela.mp3 */,
				6C23CCBB29CCC25300696F34 /* vitoria.mp3 */,
				6C23CCCA29CCD85900696F34 /* Flag.mp3 */,
				6C23CCCB29CCD86500696F34 /* GameOver.mp3 */,
				6C23CCCE29CCE87E00696F34 /* Reveal.mp3 */,
			);
			path = MineSweeper;
			sourceTree = "<group>";
		};
/* End PBXGroup section */

/* Begin PBXHeadersBuildPhase section */
		6C23CCBF29CCC38000696F34 /* Headers */ = {
			isa = PBXHeadersBuildPhase;
			buildActionMask = 2147483647;
			files = (
				6C23CCC029CCC39100696F34 /* vitoria.mp3 in Headers */,
				6C23CCC129CCC39300696F34 /* revela.mp3 in Headers */,
				6C23CCCD29CCD86F00696F34 /* GameOver.mp3 in Headers */,
				6C23CCCF29CCE88700696F34 /* Reveal.mp3 in Headers */,
				6C23CCCC29CCD86D00696F34 /* Flag.mp3 in Headers */,
				6C23CCC429CCC39C00696F34 /* Bomb.mp3 in Headers */,
				6C23CCC529CCC39E00696F34 /* Background.mp3 in Headers */,
			);
			runOnlyForDeploymentPostprocessing = 0;
		};
/* End PBXHeadersBuildPhase section */

/* Begin PBXNativeTarget section */
		6C23CCAE29CA301200696F34 /* MineSweeper */ = {
			isa = PBXNativeTarget;
			buildConfigurationList = 6C23CCB629CA301200696F34 /* Build configuration list for PBXNativeTarget "MineSweeper" */;
			buildPhases = (
				6C23CCBF29CCC38000696F34 /* Headers */,
				6C23CCAB29CA301200696F34 /* Sources */,
				6C23CCAC29CA301200696F34 /* Frameworks */,
				6C23CCAD29CA301200696F34 /* CopyFiles */,
			);
			buildRules = (
			);
			dependencies = (
			);
			name = MineSweeper;
			productName = MineSweeper;
			productReference = 6C23CCAF29CA301200696F34 /* MineSweeper */;
			productType = "com.apple.product-type.tool";
		};
/* End PBXNativeTarget section */

/* Begin PBXProject section */
		6C23CCA729CA301200696F34 /* Project object */ = {
			isa = PBXProject;
			attributes = {
				BuildIndependentTargetsInParallel = 1;
				LastSwiftUpdateCheck = 1420;
				LastUpgradeCheck = 1420;
				TargetAttributes = {
					6C23CCAE29CA301200696F34 = {
						CreatedOnToolsVersion = 14.2;
					};
				};
			};
			buildConfigurationList = 6C23CCAA29CA301200696F34 /* Build configuration list for PBXProject "MineSweeper" */;
			compatibilityVersion = "Xcode 14.0";
			developmentRegion = en;
			hasScannedForEncodings = 0;
			knownRegions = (
				en,
				Base,
			);
			mainGroup = 6C23CCA629CA301200696F34;
			productRefGroup = 6C23CCB029CA301200696F34 /* Products */;
			projectDirPath = "";
			projectRoot = "";
			targets = (
				6C23CCAE29CA301200696F34 /* MineSweeper */,
			);
		};
/* End PBXProject section */

/* Begin PBXSourcesBuildPhase section */
		6C23CCAB29CA301200696F34 /* Sources */ = {
			isa = PBXSourcesBuildPhase;
			buildActionMask = 2147483647;
			files = (
				6C23CCB329CA301200696F34 /* main.swift in Sources */,
			);
			runOnlyForDeploymentPostprocessing = 0;
		};
/* End PBXSourcesBuildPhase section */

/* Begin XCBuildConfiguration section */
		6C23CCB429CA301200696F34 /* Debug */ = {
			isa = XCBuildConfiguration;
			buildSettings = {
				ALWAYS_SEARCH_USER_PATHS = NO;
				CLANG_ANALYZER_NONNULL = YES;
				CLANG_ANALYZER_NUMBER_OBJECT_CONVERSION = YES_AGGRESSIVE;
				CLANG_CXX_LANGUAGE_STANDARD = "gnu++20";
				CLANG_ENABLE_MODULES = YES;
				CLANG_ENABLE_OBJC_ARC = YES;
				CLANG_ENABLE_OBJC_WEAK = YES;
				CLANG_WARN_BLOCK_CAPTURE_AUTORELEASING = YES;
				CLANG_WARN_BOOL_CONVERSION = YES;
				CLANG_WARN_COMMA = YES;
				CLANG_WARN_CONSTANT_CONVERSION = YES;
				CLANG_WARN_DEPRECATED_OBJC_IMPLEMENTATIONS = YES;
				CLANG_WARN_DIRECT_OBJC_ISA_USAGE = YES_ERROR;
				CLANG_WARN_DOCUMENTATION_COMMENTS = YES;
				CLANG_WARN_EMPTY_BODY = YES;
				CLANG_WARN_ENUM_CONVERSION = YES;
				CLANG_WARN_INFINITE_RECURSION = YES;
				CLANG_WARN_INT_CONVERSION = YES;
				CLANG_WARN_NON_LITERAL_NULL_CONVERSION = YES;
				CLANG_WARN_OBJC_IMPLICIT_RETAIN_SELF = YES;
				CLANG_WARN_OBJC_LITERAL_CONVERSION = YES;
				CLANG_WARN_OBJC_ROOT_CLASS = YES_ERROR;
				CLANG_WARN_QUOTED_INCLUDE_IN_FRAMEWORK_HEADER = YES;
				CLANG_WARN_RANGE_LOOP_ANALYSIS = YES;
				CLANG_WARN_STRICT_PROTOTYPES = YES;
				CLANG_WARN_SUSPICIOUS_MOVE = YES;
				CLANG_WARN_UNGUARDED_AVAILABILITY = YES_AGGRESSIVE;
				CLANG_WARN_UNREACHABLE_CODE = YES;
				CLANG_WARN__DUPLICATE_METHOD_MATCH = YES;
				COPY_PHASE_STRIP = NO;
				DEBUG_INFORMATION_FORMAT = dwarf;
				ENABLE_STRICT_OBJC_MSGSEND = YES;
				ENABLE_TESTABILITY = YES;
				GCC_C_LANGUAGE_STANDARD = gnu11;
				GCC_DYNAMIC_NO_PIC = NO;
				GCC_NO_COMMON_BLOCKS = YES;
				GCC_OPTIMIZATION_LEVEL = 0;
				GCC_PREPROCESSOR_DEFINITIONS = (
					"DEBUG=1",
					"$(inherited)",
				);
				GCC_WARN_64_TO_32_BIT_CONVERSION = YES;
				GCC_WARN_ABOUT_RETURN_TYPE = YES_ERROR;
				GCC_WARN_UNDECLARED_SELECTOR = YES;
				GCC_WARN_UNINITIALIZED_AUTOS = YES_AGGRESSIVE;
				GCC_WARN_UNUSED_FUNCTION = YES;
				GCC_WARN_UNUSED_VARIABLE = YES;
				MACOSX_DEPLOYMENT_TARGET = 13.1;
				MTL_ENABLE_DEBUG_INFO = INCLUDE_SOURCE;
				MTL_FAST_MATH = YES;
				ONLY_ACTIVE_ARCH = YES;
				SDKROOT = macosx;
				SWIFT_ACTIVE_COMPILATION_CONDITIONS = DEBUG;
				SWIFT_OPTIMIZATION_LEVEL = "-Onone";
			};
			name = Debug;
		};
		6C23CCB529CA301200696F34 /* Release */ = {
			isa = XCBuildConfiguration;
			buildSettings = {
				ALWAYS_SEARCH_USER_PATHS = NO;
				CLANG_ANALYZER_NONNULL = YES;
				CLANG_ANALYZER_NUMBER_OBJECT_CONVERSION = YES_AGGRESSIVE;
				CLANG_CXX_LANGUAGE_STANDARD = "gnu++20";
				CLANG_ENABLE_MODULES = YES;
				CLANG_ENABLE_OBJC_ARC = YES;
				CLANG_ENABLE_OBJC_WEAK = YES;
				CLANG_WARN_BLOCK_CAPTURE_AUTORELEASING = YES;
				CLANG_WARN_BOOL_CONVERSION = YES;
				CLANG_WARN_COMMA = YES;
				CLANG_WARN_CONSTANT_CONVERSION = YES;
				CLANG_WARN_DEPRECATED_OBJC_IMPLEMENTATIONS = YES;
				CLANG_WARN_DIRECT_OBJC_ISA_USAGE = YES_ERROR;
				CLANG_WARN_DOCUMENTATION_COMMENTS = YES;
				CLANG_WARN_EMPTY_BODY = YES;
				CLANG_WARN_ENUM_CONVERSION = YES;
				CLANG_WARN_INFINITE_RECURSION = YES;
				CLANG_WARN_INT_CONVERSION = YES;
				CLANG_WARN_NON_LITERAL_NULL_CONVERSION = YES;
				CLANG_WARN_OBJC_IMPLICIT_RETAIN_SELF = YES;
				CLANG_WARN_OBJC_LITERAL_CONVERSION = YES;
				CLANG_WARN_OBJC_ROOT_CLASS = YES_ERROR;
				CLANG_WARN_QUOTED_INCLUDE_IN_FRAMEWORK_HEADER = YES;
				CLANG_WARN_RANGE_LOOP_ANALYSIS = YES;
				CLANG_WARN_STRICT_PROTOTYPES = YES;
				CLANG_WARN_SUSPICIOUS_MOVE = YES;
				CLANG_WARN_UNGUARDED_AVAILABILITY = YES_AGGRESSIVE;
				CLANG_WARN_UNREACHABLE_CODE = YES;
				CLANG_WARN__DUPLICATE_METHOD_MATCH = YES;
				COPY_PHASE_STRIP = NO;
				DEBUG_INFORMATION_FORMAT = "dwarf-with-dsym";
				ENABLE_NS_ASSERTIONS = NO;
				ENABLE_STRICT_OBJC_MSGSEND = YES;
				GCC_C_LANGUAGE_STANDARD = gnu11;
				GCC_NO_COMMON_BLOCKS = YES;
				GCC_WARN_64_TO_32_BIT_CONVERSION = YES;
				GCC_WARN_ABOUT_RETURN_TYPE = YES_ERROR;
				GCC_WARN_UNDECLARED_SELECTOR = YES;
				GCC_WARN_UNINITIALIZED_AUTOS = YES_AGGRESSIVE;
				GCC_WARN_UNUSED_FUNCTION = YES;
				GCC_WARN_UNUSED_VARIABLE = YES;
				MACOSX_DEPLOYMENT_TARGET = 13.1;
				MTL_ENABLE_DEBUG_INFO = NO;
				MTL_FAST_MATH = YES;
				SDKROOT = macosx;
				SWIFT_COMPILATION_MODE = wholemodule;
				SWIFT_OPTIMIZATION_LEVEL = "-O";
			};
			name = Release;
		};
		6C23CCB729CA301200696F34 /* Debug */ = {
			isa = XCBuildConfiguration;
			buildSettings = {
				CODE_SIGN_STYLE = Automatic;
				PRODUCT_NAME = "$(TARGET_NAME)";
				SWIFT_VERSION = 5.0;
			};
			name = Debug;
		};
		6C23CCB829CA301200696F34 /* Release */ = {
			isa = XCBuildConfiguration;
			buildSettings = {
				CODE_SIGN_STYLE = Automatic;
				PRODUCT_NAME = "$(TARGET_NAME)";
				SWIFT_VERSION = 5.0;
			};
			name = Release;
		};
/* End XCBuildConfiguration section */

/* Begin XCConfigurationList section */
		6C23CCAA29CA301200696F34 /* Build configuration list for PBXProject "MineSweeper" */ = {
			isa = XCConfigurationList;
			buildConfigurations = (
				6C23CCB429CA301200696F34 /* Debug */,
				6C23CCB529CA301200696F34 /* Release */,
			);
			defaultConfigurationIsVisible = 0;
			defaultConfigurationName = Release;
		};
		6C23CCB629CA301200696F34 /* Build configuration list for PBXNativeTarget "MineSweeper" */ = {
			isa = XCConfigurationList;
			buildConfigurations = (
				6C23CCB729CA301200696F34 /* Debug */,
				6C23CCB829CA301200696F34 /* Release */,
			);
			defaultConfigurationIsVisible = 0;
			defaultConfigurationName = Release;
		};
/* End XCConfigurationList section */
	};
	rootObject = 6C23CCA729CA301200696F34 /* Project object */;
}
